
Microsoft Visual Studio Solution File, Format Version 12.00
# Visual Studio Version 17
VisualStudioVersion = 17.4.33213.308
MinimumVisualStudioVersion = 10.0.40219.1
Project("{FAE04EC0-301F-11D3-BF4B-00C04F79EFBC}") = "comp", "comp\comp.csproj", "{D3E82EB6-6CFD-4373-9E93-EB11211F54E0}"
EndProject
Global
	GlobalSection(SolutionConfigurationPlatforms) = preSolution
		Debug|Any CPU = Debug|Any CPU
		Release|Any CPU = Release|Any CPU
	EndGlobalSection
	GlobalSection(ProjectConfigurationPlatforms) = postSolution
		{D3E82EB6-6CFD-4373-9E93-EB11211F54E0}.Debug|Any CPU.ActiveCfg = Debug|Any CPU
		{D3E82EB6-6CFD-4373-9E93-EB11211F54E0}.Debug|Any CPU.Build.0 = Debug|Any CPU
		{D3E82EB6-6CFD-4373-9E93-EB11211F54E0}.Release|Any CPU.ActiveCfg = Release|Any CPU
		{D3E82EB6-6CFD-4373-9E93-EB11211F54E0}.Release|Any CPU.Build.0 = Release|Any CPU
	EndGlobalSection
	GlobalSection(SolutionProperties) = preSolution
		HideSolutionNode = FALSE
	EndGlobalSection
	GlobalSection(ExtensibilityGlobals) = postSolution
		SolutionGuid = {619EDE8D-3921-4352-88D6-F3A0423D9BC0}
	EndGlobalSection
EndGlobal
